
Microsoft Visual Studio Solution File, Format Version 12.00
# Visual Studio 14
VisualStudioVersion = 14.0.24720.0
MinimumVisualStudioVersion = 10.0.40219.1
Project("{FAE04EC0-301F-11D3-BF4B-00C04F79EFBC}") = "WebService", "WebService\WebService.csproj", "{AF9A65ED-899D-4AA6-96F4-476BF0B2BE66}"
EndProject
Project("{FAE04EC0-301F-11D3-BF4B-00C04F79EFBC}") = "ServiceNode", "ServiceNode\ServiceNode.csproj", "{D340A289-AA43-4BE9-97EE-169073B48FD8}"
EndProject
Project("{FAE04EC0-301F-11D3-BF4B-00C04F79EFBC}") = "NodeManager", "NodeManager\NodeManager.csproj", "{A99800FD-AAEE-4A1C-86F2-000E39CAB2DE}"
EndProject
Global
	GlobalSection(SolutionConfigurationPlatforms) = preSolution
		Debug|Any CPU = Debug|Any CPU
		Release|Any CPU = Release|Any CPU
	EndGlobalSection
	GlobalSection(ProjectConfigurationPlatforms) = postSolution
		{AF9A65ED-899D-4AA6-96F4-476BF0B2BE66}.Debug|Any CPU.ActiveCfg = Debug|Any CPU
		{AF9A65ED-899D-4AA6-96F4-476BF0B2BE66}.Debug|Any CPU.Build.0 = Debug|Any CPU
		{AF9A65ED-899D-4AA6-96F4-476BF0B2BE66}.Release|Any CPU.ActiveCfg = Release|Any CPU
		{AF9A65ED-899D-4AA6-96F4-476BF0B2BE66}.Release|Any CPU.Build.0 = Release|Any CPU
		{D340A289-AA43-4BE9-97EE-169073B48FD8}.Debug|Any CPU.ActiveCfg = Debug|Any CPU
		{D340A289-AA43-4BE9-97EE-169073B48FD8}.Debug|Any CPU.Build.0 = Debug|Any CPU
		{D340A289-AA43-4BE9-97EE-169073B48FD8}.Release|Any CPU.ActiveCfg = Release|Any CPU
		{D340A289-AA43-4BE9-97EE-169073B48FD8}.Release|Any CPU.Build.0 = Release|Any CPU
		{A99800FD-AAEE-4A1C-86F2-000E39CAB2DE}.Debug|Any CPU.ActiveCfg = Debug|Any CPU
		{A99800FD-AAEE-4A1C-86F2-000E39CAB2DE}.Debug|Any CPU.Build.0 = Debug|Any CPU
		{A99800FD-AAEE-4A1C-86F2-000E39CAB2DE}.Release|Any CPU.ActiveCfg = Release|Any CPU
		{A99800FD-AAEE-4A1C-86F2-000E39CAB2DE}.Release|Any CPU.Build.0 = Release|Any CPU
	EndGlobalSection
	GlobalSection(SolutionProperties) = preSolution
		HideSolutionNode = FALSE
	EndGlobalSection
EndGlobal
